
Microsoft Visual Studio Solution File, Format Version 12.00
# Visual Studio Version 17
VisualStudioVersion = 17.9.34321.82
MinimumVisualStudioVersion = 10.0.40219.1
Project("{FAE04EC0-301F-11D3-BF4B-00C04F79EFBC}") = "homework_7t_string", "ConsoleApp1\homework_7t_string.csproj", "{CF0EFF23-F87B-45A9-8019-58B9405B270A}"
EndProject
Global
	GlobalSection(SolutionConfigurationPlatforms) = preSolution
		Debug|Any CPU = Debug|Any CPU
		Release|Any CPU = Release|Any CPU
	EndGlobalSection
	GlobalSection(ProjectConfigurationPlatforms) = postSolution
		{CF0EFF23-F87B-45A9-8019-58B9405B270A}.Debug|Any CPU.ActiveCfg = Debug|Any CPU
		{CF0EFF23-F87B-45A9-8019-58B9405B270A}.Debug|Any CPU.Build.0 = Debug|Any CPU
		{CF0EFF23-F87B-45A9-8019-58B9405B270A}.Release|Any CPU.ActiveCfg = Release|Any CPU
		{CF0EFF23-F87B-45A9-8019-58B9405B270A}.Release|Any CPU.Build.0 = Release|Any CPU
	EndGlobalSection
	GlobalSection(SolutionProperties) = preSolution
		HideSolutionNode = FALSE
	EndGlobalSection
	GlobalSection(ExtensibilityGlobals) = postSolution
		SolutionGuid = {0CB3E616-9708-4DBE-B58D-F1EEDA744E2A}
	EndGlobalSection
EndGlobal
